%% THIS FILE IS GENERATED. EDIT WITH CAUTION %%~n

{erl_opts,[{parse_transform,lager_transform},
           {lager_truncation_size,4096},
           debug_info]}.
{lib_dirs,["deps"]}.
{deps,[{lager,".*",
              {git,"git://github.com/basho/lager.git",
                   "ad400896af5b1ad8b4f7a4d34e609b5a990640bb"}},
       {echo_rebar_plugins,".*",
                           {git,"git://github.com/EchoTeam/rebar-plugins.git",
                                "dccdb4f00992592a883011f020ad4faa44f4971f"}},
       {corman,".*",
               {git,"git://github.com/EchoTeam/corman.git",
                    "e3c4c9f602441b4d9b8f9f8ea2813b3d791ec9e1"}},
       {goldrush,".*",
                 {git,"git://github.com/DeadZen/goldrush.git",
                      "1d883423ac360b3536ca52dc733a0164bacf3109"}},
       {lager_syslog,".*",
                     {git,"git://github.com/basho/lager_syslog.git",
                          "b2e6375a54cc890e10b5f6c998966c9ed487a212"}},
       {rebar_lock_deps_plugin,".*",
                               {git,"https://github.com/EchoTeam/rebar-lock-deps.git",
                                    "58366997aaa3b9f0876b10c4421b64c2f73150cd"}},
       {sync,".*",
             {git,"git://github.com/rustyio/sync.git",
                  "90e9237527e727083fb5839030b0dca0e06fd5cb"}},
       {syslog,".*",
               {git,"git://github.com/Vagabond/erlang-syslog.git",
                    "918c9b453e0811b24f2c99b35b712b0ef9f29c7e"}}]}.
{sub_dirs,["rel"]}.
{eunit_compile_opts,[export_all]}.
{eunit_opts,[verbose,{report,{eunit_surefire,[{dir,"."}]}}]}.
{plugins,[rebar_lock_deps_plugin,rebar_genappup_plugin]}.

