%% THIS FILE IS GENERATED. EDIT WITH CAUTION %%~n

{erl_opts,[{parse_transform,lager_transform},
           {lager_truncation_size,4096},
           debug_info]}.
{lib_dirs,["apps/lte","deps"]}.
{deps,[{lager,".*",
              {git,"git://github.com/basho/lager.git",
                   "ad400896af5b1ad8b4f7a4d34e609b5a990640bb"}},
       {echo_rebar_plugins,".*",
                           {git,"git://github.com/EchoTeam/rebar-plugins.git",
                                "dccdb4f00992592a883011f020ad4faa44f4971f"}},
       {corman,".*",
               {git,"git://github.com/EchoTeam/corman.git",
                    "e3c4c9f602441b4d9b8f9f8ea2813b3d791ec9e1"}},
       {enb_node,".*",
                 {git,"https://github.com/SmallCell/enb_node.git",
                      "202ffcfb13b49230dda8ec4cb7dd29205f6771d5"}},
       {enetconf,".*",
                 {git,"https://github.com/FlowForwarding/enetconf.git",
                      "211a57d43983662d21426c608c2f72f295e57366"}},
       {epc_proto,".*",
                  {git,"https://github.com/SmallCell/epc_proto.git",
                       "db118af66caf783dc042b21f7c2652234407798e"}},
       {goldrush,".*",
                 {git,"git://github.com/DeadZen/goldrush.git",
                      "1d883423ac360b3536ca52dc733a0164bacf3109"}},
       {lager_syslog,".*",
                     {git,"git://github.com/basho/lager_syslog.git",
                          "b2e6375a54cc890e10b5f6c998966c9ed487a212"}},
       {lte_model,".*",
                  {git,"https://github.com/SmallCell/lte_model.git",
                       "d79385567aa3142b0b574d7adca102ad10dd1948"}},
       {mme_node,".*",
                 {git,"https://github.com/SmallCell/mme_node.git",
                      "f5bfac8336507ee97ccbed282502af3adea183b0"}},
       {pgw_node,".*",
                 {git,"https://github.com/SmallCell/pgw_node.git",
                      "eb81e12620daa945300fca0069accfa054a3b34c"}},
       {rebar_lock_deps_plugin,".*",
                               {git,"https://github.com/EchoTeam/rebar-lock-deps.git",
                                    "58366997aaa3b9f0876b10c4421b64c2f73150cd"}},
       {sgw_node,".*",
                 {git,"https://github.com/SmallCell/sgw_node.git",
                      "8dfc5337905731a938331945ade1cf36801164eb"}},
       {sync,".*",
             {git,"git://github.com/rustyio/sync.git",
                  "90e9237527e727083fb5839030b0dca0e06fd5cb"}},
       {syslog,".*",
               {git,"git://github.com/Vagabond/erlang-syslog.git",
                    "918c9b453e0811b24f2c99b35b712b0ef9f29c7e"}},
       {ue_node,".*",
                {git,"https://github.com/SmallCell/ue_node.git",
                     "c0a3f2ebf79ff6809764337d1114655059918c6d"}}]}.
{sub_dirs,["apps/lte","rel"]}.
{eunit_compile_opts,[export_all]}.
{eunit_opts,[verbose,{report,{eunit_surefire,[{dir,"."}]}}]}.
{plugins,[rebar_lock_deps_plugin,rebar_genappup_plugin]}.

